{
  "version": 2,
  "dependencies": {
    "net10.0": {
      "FluentFTP": {
        "type": "Direct",
        "requested": "[51.1.0, )",
        "resolved": "51.1.0",
        "contentHash": "Vm3eGvHACns0zsKfCMCZdZSFKYu2ajV/GeRk4vfgy6d5AR+WqSUjaSWbbhkmS01A8OMjZHFLduPH7nxwGvlcpQ=="
      },
      "Akka": {
        "type": "Transitive",
        "resolved": "1.5.69",
        "contentHash": "dbLN/+koxxiS2yKx+yt3pBmPrmC/N2nkjMasc+g/P1R+A2aV9iMPLNYTwFD+ekQBHiDWPanVFHHCldBnTEd0+A==",
        "dependencies": {
          "Akka.Analyzers": "0.3.3",
          "Microsoft.Extensions.ObjectPool": "6.0.36",
          "Newtonsoft.Json": "13.0.1",
          "System.Configuration.ConfigurationManager": "6.0.1"
        }
      },
      "Akka.Analyzers": {
        "type": "Transitive",
        "resolved": "0.3.3",
        "contentHash": "SaS6yojDwqmy8PFCML8hiXlnSOQpO7adzrosTLbDD9paVAJk4WufteGbPhbiXiu2m4JscNhSM5joFeR9IZpF8g=="
      },
      "Google.Protobuf": {
        "type": "Transitive",
        "resolved": "3.26.1",
        "contentHash": "CHZX8zXqhF/fdUtd+AYzew8T2HFkAoe5c7lbGxZY/qryAlQXckDvM5BfOJjXlMS7kyICqQTMszj4w1bX5uBJ/w=="
      },
      "Microsoft.Extensions.ObjectPool": {
        "type": "Transitive",
        "resolved": "6.0.36",
        "contentHash": "WHwL2Src2pAiLGEmzq6htW+jeKIkrifT3Q6nZROY6EG8EbSGli//XpAh9WpITRsTda3VVUBegvc2QdBWyNn+zg=="
      },
      "Microsoft.Win32.SystemEvents": {
        "type": "Transitive",
        "resolved": "6.0.0",
        "contentHash": "hqTM5628jSsQiv+HGpiq3WKBl2c8v1KZfby2J6Pr7pEPlK9waPdgEO6b8A/+/xn/yZ9ulv8HuqK71ONy2tg67A=="
      },
      "Newtonsoft.Json": {
        "type": "Transitive",
        "resolved": "13.0.1",
        "contentHash": "ppPFpBcvxdsfUonNcvITKqLl3bqxWbDCZIzDWHzjpdAHRFfZe0Dw9HmA0+za13IdyrgJwpkDTDA9fHaxOrt20A=="
      },
      "Reactive.Streams": {
        "type": "Transitive",
        "resolved": "1.0.4",
        "contentHash": "k5lcLBmVAcc1OMGsLa5cxdzJazNx9haOb9GUINx+DulBqEvRAHCgxhDWcJjm44Pe633xwdKOOYGQhPSdj944IA=="
      },
      "System.Configuration.ConfigurationManager": {
        "type": "Transitive",
        "resolved": "6.0.1",
        "contentHash": "jXw9MlUu/kRfEU0WyTptAVueupqIeE3/rl0EZDMlf8pcvJnitQ8HeVEp69rZdaStXwTV72boi/Bhw8lOeO+U2w==",
        "dependencies": {
          "System.Security.Cryptography.ProtectedData": "6.0.0",
          "System.Security.Permissions": "6.0.0"
        }
      },
      "System.Drawing.Common": {
        "type": "Transitive",
        "resolved": "6.0.0",
        "contentHash": "NfuoKUiP2nUWwKZN6twGqXioIe1zVD0RIj2t976A+czLHr2nY454RwwXs6JU9Htc6mwqL6Dn/nEL3dpVf2jOhg==",
        "dependencies": {
          "Microsoft.Win32.SystemEvents": "6.0.0"
        }
      },
      "System.Security.Cryptography.ProtectedData": {
        "type": "Transitive",
        "resolved": "6.0.0",
        "contentHash": "rp1gMNEZpvx9vP0JW0oHLxlf8oSiQgtno77Y4PLUBjSiDYoD77Y8uXHr1Ea5XG4/pIKhqAdxZ8v8OTUtqo9PeQ=="
      },
      "System.Security.Permissions": {
        "type": "Transitive",
        "resolved": "6.0.0",
        "contentHash": "T/uuc7AklkDoxmcJ7LGkyX1CcSviZuLCa4jg3PekfJ7SU0niF0IVTXwUiNVP9DSpzou2PpxJ+eNY2IfDM90ZCg==",
        "dependencies": {
          "System.Windows.Extensions": "6.0.0"
        }
      },
      "System.Windows.Extensions": {
        "type": "Transitive",
        "resolved": "6.0.0",
        "contentHash": "IXoJOXIqc39AIe+CIR7koBtRGMiCt/LPM3lI+PELtDIy9XdyeSrwXFdWV9dzJ2Awl0paLWUaknLxFQ5HpHZUog==",
        "dependencies": {
          "System.Drawing.Common": "6.0.0"
        }
      },
      "naschstorage": {
        "type": "Project",
        "dependencies": {
          "Akka.Streams": "[1.5.69, )"
        }
      },
      "Akka.Streams": {
        "type": "CentralTransitive",
        "requested": "[1.5.69, )",
        "resolved": "1.5.69",
        "contentHash": "AeWIMglgOyxc/BvBmiv5aZUOB4xysBm5mmQJor9kRvszSwwvJum4MLB+aMThK4+Jw1I86OixsErmAQ9ccns0ag==",
        "dependencies": {
          "Akka": "1.5.69",
          "Google.Protobuf": "3.26.1",
          "Reactive.Streams": "1.0.4"
        }
      }
    }
  }
}